
Microsoft Visual Studio Solution File, Format Version 12.00
# Visual Studio Version 16
VisualStudioVersion = 16.0.31129.286
MinimumVisualStudioVersion = 10.0.40219.1
Project("{8BC9CEB8-8B4A-11D0-8D11-00A0C91BC942}") = "算法", "算法\算法.vcxproj", "{C158AC5F-85E3-4206-BC11-9DF345A72913}"
EndProject
Project("{8BC9CEB8-8B4A-11D0-8D11-00A0C91BC942}") = "数据结构", "数据结构\数据结构.vcxproj", "{41E8626C-21BD-464E-ABEE-416869F9750A}"
EndProject
Project("{8BC9CEB8-8B4A-11D0-8D11-00A0C91BC942}") = "算法题", "算法题\算法题.vcxproj", "{92C3B5CC-2533-445A-899E-310484265D40}"
EndProject
Global
	GlobalSection(SolutionConfigurationPlatforms) = preSolution
		Debug|Win32 = Debug|Win32
		Debug|x64 = Debug|x64
		Release|Win32 = Release|Win32
		Release|x64 = Release|x64
	EndGlobalSection
	GlobalSection(ProjectConfigurationPlatforms) = postSolution
		{C158AC5F-85E3-4206-BC11-9DF345A72913}.Debug|Win32.ActiveCfg = Debug|Win32
		{C158AC5F-85E3-4206-BC11-9DF345A72913}.Debug|Win32.Build.0 = Debug|Win32
		{C158AC5F-85E3-4206-BC11-9DF345A72913}.Debug|x64.ActiveCfg = Debug|Win32
		{C158AC5F-85E3-4206-BC11-9DF345A72913}.Release|Win32.ActiveCfg = Release|Win32
		{C158AC5F-85E3-4206-BC11-9DF345A72913}.Release|Win32.Build.0 = Release|Win32
		{C158AC5F-85E3-4206-BC11-9DF345A72913}.Release|x64.ActiveCfg = Release|Win32
		{41E8626C-21BD-464E-ABEE-416869F9750A}.Debug|Win32.ActiveCfg = Debug|Win32
		{41E8626C-21BD-464E-ABEE-416869F9750A}.Debug|Win32.Build.0 = Debug|Win32
		{41E8626C-21BD-464E-ABEE-416869F9750A}.Debug|x64.ActiveCfg = Debug|Win32
		{41E8626C-21BD-464E-ABEE-416869F9750A}.Release|Win32.ActiveCfg = Release|Win32
		{41E8626C-21BD-464E-ABEE-416869F9750A}.Release|Win32.Build.0 = Release|Win32
		{41E8626C-21BD-464E-ABEE-416869F9750A}.Release|x64.ActiveCfg = Release|Win32
		{92C3B5CC-2533-445A-899E-310484265D40}.Debug|Win32.ActiveCfg = Debug|Win32
		{92C3B5CC-2533-445A-899E-310484265D40}.Debug|Win32.Build.0 = Debug|Win32
		{92C3B5CC-2533-445A-899E-310484265D40}.Debug|x64.ActiveCfg = Debug|x64
		{92C3B5CC-2533-445A-899E-310484265D40}.Debug|x64.Build.0 = Debug|x64
		{92C3B5CC-2533-445A-899E-310484265D40}.Release|Win32.ActiveCfg = Release|Win32
		{92C3B5CC-2533-445A-899E-310484265D40}.Release|Win32.Build.0 = Release|Win32
		{92C3B5CC-2533-445A-899E-310484265D40}.Release|x64.ActiveCfg = Release|x64
		{92C3B5CC-2533-445A-899E-310484265D40}.Release|x64.Build.0 = Release|x64
	EndGlobalSection
	GlobalSection(SolutionProperties) = preSolution
		HideSolutionNode = FALSE
	EndGlobalSection
	GlobalSection(ExtensibilityGlobals) = postSolution
		SolutionGuid = {5E7B3B48-58E1-4626-8435-3404886E3AAB}
	EndGlobalSection
EndGlobal
